
Microsoft Visual Studio Solution File, Format Version 12.00
# Visual Studio Version 17
VisualStudioVersion = 17.0.31903.59
MinimumVisualStudioVersion = 10.0.40219.1
Project("{2150E333-8FDC-42A3-9474-1A3956D46DE8}") = "src", "src", "{827E0CD3-B72D-47B6-A68D-7590B98EB39B}"
EndProject
Project("{FAE04EC0-301F-11D3-BF4B-00C04F79EFBC}") = "Cs2Market.Api", "src\Cs2Market.Api\Cs2Market.Api.csproj", "{83B9EA5F-CF6C-4064-99BD-6C2D8775B81D}"
EndProject
Project("{FAE04EC0-301F-11D3-BF4B-00C04F79EFBC}") = "Cs2Market.ServiceDefaults", "src\Cs2Market.ServiceDefaults\Cs2Market.ServiceDefaults.csproj", "{48ABADCC-1F07-48A4-82A1-99013C6B6712}"
EndProject
Project("{FAE04EC0-301F-11D3-BF4B-00C04F79EFBC}") = "Cs2Market.Data", "src\Cs2Market.Data\Cs2Market.Data.csproj", "{0FAAC522-8852-40C6-83BF-8419C70BD526}"
EndProject
Project("{FAE04EC0-301F-11D3-BF4B-00C04F79EFBC}") = "Cs2Market.TradeUp", "src\Cs2Market.TradeUp\Cs2Market.TradeUp.csproj", "{A301CA6D-F87F-4009-85CA-75AF4DB85008}"
EndProject
Project("{FAE04EC0-301F-11D3-BF4B-00C04F79EFBC}") = "Cs2Market.AppHost", "src\Cs2Market.AppHost\Cs2Market.AppHost.csproj", "{4324C7AE-D316-4484-96F8-DEE202BB4B6F}"
EndProject
Project("{FAE04EC0-301F-11D3-BF4B-00C04F79EFBC}") = "Cs2Market.Ingestion", "src\Cs2Market.Ingestion\Cs2Market.Ingestion.csproj", "{071FB925-EDF6-4467-A8FA-F0A99C4D8972}"
EndProject
Project("{FAE04EC0-301F-11D3-BF4B-00C04F79EFBC}") = "Cs2Market.Mcp", "src\Cs2Market.Mcp\Cs2Market.Mcp.csproj", "{A1D48A2E-98A6-4603-A0CB-B91FB2A65369}"
EndProject
Project("{2150E333-8FDC-42A3-9474-1A3956D46DE8}") = "tests", "tests", "{0AB3BF05-4346-4AA6-1389-037BE0695223}"
EndProject
Project("{FAE04EC0-301F-11D3-BF4B-00C04F79EFBC}") = "Cs2Market.Api.Tests", "tests\Cs2Market.Api.Tests\Cs2Market.Api.Tests.csproj", "{04AB7DAC-F031-47B0-8DF3-B274014B46A5}"
EndProject
Project("{FAE04EC0-301F-11D3-BF4B-00C04F79EFBC}") = "Cs2Market.TestSupport", "tests\Cs2Market.TestSupport\Cs2Market.TestSupport.csproj", "{88F070EC-5814-439B-A78A-1051291596F0}"
EndProject
Project("{FAE04EC0-301F-11D3-BF4B-00C04F79EFBC}") = "Cs2Market.Data.Tests", "tests\Cs2Market.Data.Tests\Cs2Market.Data.Tests.csproj", "{B87E8F16-20EE-4260-9D94-E569F1639704}"
EndProject
Project("{FAE04EC0-301F-11D3-BF4B-00C04F79EFBC}") = "Cs2Market.TradeUp.Tests", "tests\Cs2Market.TradeUp.Tests\Cs2Market.TradeUp.Tests.csproj", "{51B94691-D8FC-429B-8D7A-07F5DAA4A55F}"
EndProject
Project("{2150E333-8FDC-42A3-9474-1A3956D46DE8}") = "samples", "samples", "{5D20AA90-6969-D8BD-9DCD-8634F4692FDA}"
EndProject
Project("{FAE04EC0-301F-11D3-BF4B-00C04F79EFBC}") = "Cs2Market.TradeUp.Demo", "samples\Cs2Market.TradeUp.Demo\Cs2Market.TradeUp.Demo.csproj", "{403BB5F9-83CF-4993-922E-C4D9C22D241F}"
EndProject
Global
	GlobalSection(SolutionConfigurationPlatforms) = preSolution
		Debug|Any CPU = Debug|Any CPU
		Debug|x64 = Debug|x64
		Debug|x86 = Debug|x86
		Release|Any CPU = Release|Any CPU
		Release|x64 = Release|x64
		Release|x86 = Release|x86
	EndGlobalSection
	GlobalSection(ProjectConfigurationPlatforms) = postSolution
		{83B9EA5F-CF6C-4064-99BD-6C2D8775B81D}.Debug|Any CPU.ActiveCfg = Debug|Any CPU
		{83B9EA5F-CF6C-4064-99BD-6C2D8775B81D}.Debug|Any CPU.Build.0 = Debug|Any CPU
		{83B9EA5F-CF6C-4064-99BD-6C2D8775B81D}.Debug|x64.ActiveCfg = Debug|Any CPU
		{83B9EA5F-CF6C-4064-99BD-6C2D8775B81D}.Debug|x64.Build.0 = Debug|Any CPU
		{83B9EA5F-CF6C-4064-99BD-6C2D8775B81D}.Debug|x86.ActiveCfg = Debug|Any CPU
		{83B9EA5F-CF6C-4064-99BD-6C2D8775B81D}.Debug|x86.Build.0 = Debug|Any CPU
		{83B9EA5F-CF6C-4064-99BD-6C2D8775B81D}.Release|Any CPU.ActiveCfg = Release|Any CPU
		{83B9EA5F-CF6C-4064-99BD-6C2D8775B81D}.Release|Any CPU.Build.0 = Release|Any CPU
		{83B9EA5F-CF6C-4064-99BD-6C2D8775B81D}.Release|x64.ActiveCfg = Release|Any CPU
		{83B9EA5F-CF6C-4064-99BD-6C2D8775B81D}.Release|x64.Build.0 = Release|Any CPU
		{83B9EA5F-CF6C-4064-99BD-6C2D8775B81D}.Release|x86.ActiveCfg = Release|Any CPU
		{83B9EA5F-CF6C-4064-99BD-6C2D8775B81D}.Release|x86.Build.0 = Release|Any CPU
		{48ABADCC-1F07-48A4-82A1-99013C6B6712}.Debug|Any CPU.ActiveCfg = Debug|Any CPU
		{48ABADCC-1F07-48A4-82A1-99013C6B6712}.Debug|Any CPU.Build.0 = Debug|Any CPU
		{48ABADCC-1F07-48A4-82A1-99013C6B6712}.Debug|x64.ActiveCfg = Debug|Any CPU
		{48ABADCC-1F07-48A4-82A1-99013C6B6712}.Debug|x64.Build.0 = Debug|Any CPU
		{48ABADCC-1F07-48A4-82A1-99013C6B6712}.Debug|x86.ActiveCfg = Debug|Any CPU
		{48ABADCC-1F07-48A4-82A1-99013C6B6712}.Debug|x86.Build.0 = Debug|Any CPU
		{48ABADCC-1F07-48A4-82A1-99013C6B6712}.Release|Any CPU.ActiveCfg = Release|Any CPU
		{48ABADCC-1F07-48A4-82A1-99013C6B6712}.Release|Any CPU.Build.0 = Release|Any CPU
		{48ABADCC-1F07-48A4-82A1-99013C6B6712}.Release|x64.ActiveCfg = Release|Any CPU
		{48ABADCC-1F07-48A4-82A1-99013C6B6712}.Release|x64.Build.0 = Release|Any CPU
		{48ABADCC-1F07-48A4-82A1-99013C6B6712}.Release|x86.ActiveCfg = Release|Any CPU
		{48ABADCC-1F07-48A4-82A1-99013C6B6712}.Release|x86.Build.0 = Release|Any CPU
		{0FAAC522-8852-40C6-83BF-8419C70BD526}.Debug|Any CPU.ActiveCfg = Debug|Any CPU
		{0FAAC522-8852-40C6-83BF-8419C70BD526}.Debug|Any CPU.Build.0 = Debug|Any CPU
		{0FAAC522-8852-40C6-83BF-8419C70BD526}.Debug|x64.ActiveCfg = Debug|Any CPU
		{0FAAC522-8852-40C6-83BF-8419C70BD526}.Debug|x64.Build.0 = Debug|Any CPU
		{0FAAC522-8852-40C6-83BF-8419C70BD526}.Debug|x86.ActiveCfg = Debug|Any CPU
		{0FAAC522-8852-40C6-83BF-8419C70BD526}.Debug|x86.Build.0 = Debug|Any CPU
		{0FAAC522-8852-40C6-83BF-8419C70BD526}.Release|Any CPU.ActiveCfg = Release|Any CPU
		{0FAAC522-8852-40C6-83BF-8419C70BD526}.Release|Any CPU.Build.0 = Release|Any CPU
		{0FAAC522-8852-40C6-83BF-8419C70BD526}.Release|x64.ActiveCfg = Release|Any CPU
		{0FAAC522-8852-40C6-83BF-8419C70BD526}.Release|x64.Build.0 = Release|Any CPU
		{0FAAC522-8852-40C6-83BF-8419C70BD526}.Release|x86.ActiveCfg = Release|Any CPU
		{0FAAC522-8852-40C6-83BF-8419C70BD526}.Release|x86.Build.0 = Release|Any CPU
		{A301CA6D-F87F-4009-85CA-75AF4DB85008}.Debug|Any CPU.ActiveCfg = Debug|Any CPU
		{A301CA6D-F87F-4009-85CA-75AF4DB85008}.Debug|Any CPU.Build.0 = Debug|Any CPU
		{A301CA6D-F87F-4009-85CA-75AF4DB85008}.Debug|x64.ActiveCfg = Debug|Any CPU
		{A301CA6D-F87F-4009-85CA-75AF4DB85008}.Debug|x64.Build.0 = Debug|Any CPU
		{A301CA6D-F87F-4009-85CA-75AF4DB85008}.Debug|x86.ActiveCfg = Debug|Any CPU
		{A301CA6D-F87F-4009-85CA-75AF4DB85008}.Debug|x86.Build.0 = Debug|Any CPU
		{A301CA6D-F87F-4009-85CA-75AF4DB85008}.Release|Any CPU.ActiveCfg = Release|Any CPU
		{A301CA6D-F87F-4009-85CA-75AF4DB85008}.Release|Any CPU.Build.0 = Release|Any CPU
		{A301CA6D-F87F-4009-85CA-75AF4DB85008}.Release|x64.ActiveCfg = Release|Any CPU
		{A301CA6D-F87F-4009-85CA-75AF4DB85008}.Release|x64.Build.0 = Release|Any CPU
		{A301CA6D-F87F-4009-85CA-75AF4DB85008}.Release|x86.ActiveCfg = Release|Any CPU
		{A301CA6D-F87F-4009-85CA-75AF4DB85008}.Release|x86.Build.0 = Release|Any CPU
		{4324C7AE-D316-4484-96F8-DEE202BB4B6F}.Debug|Any CPU.ActiveCfg = Debug|Any CPU
		{4324C7AE-D316-4484-96F8-DEE202BB4B6F}.Debug|Any CPU.Build.0 = Debug|Any CPU
		{4324C7AE-D316-4484-96F8-DEE202BB4B6F}.Debug|x64.ActiveCfg = Debug|Any CPU
		{4324C7AE-D316-4484-96F8-DEE202BB4B6F}.Debug|x64.Build.0 = Debug|Any CPU
		{4324C7AE-D316-4484-96F8-DEE202BB4B6F}.Debug|x86.ActiveCfg = Debug|Any CPU
		{4324C7AE-D316-4484-96F8-DEE202BB4B6F}.Debug|x86.Build.0 = Debug|Any CPU
		{4324C7AE-D316-4484-96F8-DEE202BB4B6F}.Release|Any CPU.ActiveCfg = Release|Any CPU
		{4324C7AE-D316-4484-96F8-DEE202BB4B6F}.Release|Any CPU.Build.0 = Release|Any CPU
		{4324C7AE-D316-4484-96F8-DEE202BB4B6F}.Release|x64.ActiveCfg = Release|Any CPU
		{4324C7AE-D316-4484-96F8-DEE202BB4B6F}.Release|x64.Build.0 = Release|Any CPU
		{4324C7AE-D316-4484-96F8-DEE202BB4B6F}.Release|x86.ActiveCfg = Release|Any CPU
		{4324C7AE-D316-4484-96F8-DEE202BB4B6F}.Release|x86.Build.0 = Release|Any CPU
		{071FB925-EDF6-4467-A8FA-F0A99C4D8972}.Debug|Any CPU.ActiveCfg = Debug|Any CPU
		{071FB925-EDF6-4467-A8FA-F0A99C4D8972}.Debug|Any CPU.Build.0 = Debug|Any CPU
		{071FB925-EDF6-4467-A8FA-F0A99C4D8972}.Debug|x64.ActiveCfg = Debug|Any CPU
		{071FB925-EDF6-4467-A8FA-F0A99C4D8972}.Debug|x64.Build.0 = Debug|Any CPU
		{071FB925-EDF6-4467-A8FA-F0A99C4D8972}.Debug|x86.ActiveCfg = Debug|Any CPU
		{071FB925-EDF6-4467-A8FA-F0A99C4D8972}.Debug|x86.Build.0 = Debug|Any CPU
		{071FB925-EDF6-4467-A8FA-F0A99C4D8972}.Release|Any CPU.ActiveCfg = Release|Any CPU
		{071FB925-EDF6-4467-A8FA-F0A99C4D8972}.Release|Any CPU.Build.0 = Release|Any CPU
		{071FB925-EDF6-4467-A8FA-F0A99C4D8972}.Release|x64.ActiveCfg = Release|Any CPU
		{071FB925-EDF6-4467-A8FA-F0A99C4D8972}.Release|x64.Build.0 = Release|Any CPU
		{071FB925-EDF6-4467-A8FA-F0A99C4D8972}.Release|x86.ActiveCfg = Release|Any CPU
		{071FB925-EDF6-4467-A8FA-F0A99C4D8972}.Release|x86.Build.0 = Release|Any CPU
		{A1D48A2E-98A6-4603-A0CB-B91FB2A65369}.Debug|Any CPU.ActiveCfg = Debug|Any CPU
		{A1D48A2E-98A6-4603-A0CB-B91FB2A65369}.Debug|Any CPU.Build.0 = Debug|Any CPU
		{A1D48A2E-98A6-4603-A0CB-B91FB2A65369}.Debug|x64.ActiveCfg = Debug|Any CPU
		{A1D48A2E-98A6-4603-A0CB-B91FB2A65369}.Debug|x64.Build.0 = Debug|Any CPU
		{A1D48A2E-98A6-4603-A0CB-B91FB2A65369}.Debug|x86.ActiveCfg = Debug|Any CPU
		{A1D48A2E-98A6-4603-A0CB-B91FB2A65369}.Debug|x86.Build.0 = Debug|Any CPU
		{A1D48A2E-98A6-4603-A0CB-B91FB2A65369}.Release|Any CPU.ActiveCfg = Release|Any CPU
		{A1D48A2E-98A6-4603-A0CB-B91FB2A65369}.Release|Any CPU.Build.0 = Release|Any CPU
		{A1D48A2E-98A6-4603-A0CB-B91FB2A65369}.Release|x64.ActiveCfg = Release|Any CPU
		{A1D48A2E-98A6-4603-A0CB-B91FB2A65369}.Release|x64.Build.0 = Release|Any CPU
		{A1D48A2E-98A6-4603-A0CB-B91FB2A65369}.Release|x86.ActiveCfg = Release|Any CPU
		{A1D48A2E-98A6-4603-A0CB-B91FB2A65369}.Release|x86.Build.0 = Release|Any CPU
		{04AB7DAC-F031-47B0-8DF3-B274014B46A5}.Debug|Any CPU.ActiveCfg = Debug|Any CPU
		{04AB7DAC-F031-47B0-8DF3-B274014B46A5}.Debug|Any CPU.Build.0 = Debug|Any CPU
		{04AB7DAC-F031-47B0-8DF3-B274014B46A5}.Debug|x64.ActiveCfg = Debug|Any CPU
		{04AB7DAC-F031-47B0-8DF3-B274014B46A5}.Debug|x64.Build.0 = Debug|Any CPU
		{04AB7DAC-F031-47B0-8DF3-B274014B46A5}.Debug|x86.ActiveCfg = Debug|Any CPU
		{04AB7DAC-F031-47B0-8DF3-B274014B46A5}.Debug|x86.Build.0 = Debug|Any CPU
		{04AB7DAC-F031-47B0-8DF3-B274014B46A5}.Release|Any CPU.ActiveCfg = Release|Any CPU
		{04AB7DAC-F031-47B0-8DF3-B274014B46A5}.Release|Any CPU.Build.0 = Release|Any CPU
		{04AB7DAC-F031-47B0-8DF3-B274014B46A5}.Release|x64.ActiveCfg = Release|Any CPU
		{04AB7DAC-F031-47B0-8DF3-B274014B46A5}.Release|x64.Build.0 = Release|Any CPU
		{04AB7DAC-F031-47B0-8DF3-B274014B46A5}.Release|x86.ActiveCfg = Release|Any CPU
		{04AB7DAC-F031-47B0-8DF3-B274014B46A5}.Release|x86.Build.0 = Release|Any CPU
		{88F070EC-5814-439B-A78A-1051291596F0}.Debug|Any CPU.ActiveCfg = Debug|Any CPU
		{88F070EC-5814-439B-A78A-1051291596F0}.Debug|Any CPU.Build.0 = Debug|Any CPU
		{88F070EC-5814-439B-A78A-1051291596F0}.Debug|x64.ActiveCfg = Debug|Any CPU
		{88F070EC-5814-439B-A78A-1051291596F0}.Debug|x64.Build.0 = Debug|Any CPU
		{88F070EC-5814-439B-A78A-1051291596F0}.Debug|x86.ActiveCfg = Debug|Any CPU
		{88F070EC-5814-439B-A78A-1051291596F0}.Debug|x86.Build.0 = Debug|Any CPU
		{88F070EC-5814-439B-A78A-1051291596F0}.Release|Any CPU.ActiveCfg = Release|Any CPU
		{88F070EC-5814-439B-A78A-1051291596F0}.Release|Any CPU.Build.0 = Release|Any CPU
		{88F070EC-5814-439B-A78A-1051291596F0}.Release|x64.ActiveCfg = Release|Any CPU
		{88F070EC-5814-439B-A78A-1051291596F0}.Release|x64.Build.0 = Release|Any CPU
		{88F070EC-5814-439B-A78A-1051291596F0}.Release|x86.ActiveCfg = Release|Any CPU
		{88F070EC-5814-439B-A78A-1051291596F0}.Release|x86.Build.0 = Release|Any CPU
		{B87E8F16-20EE-4260-9D94-E569F1639704}.Debug|Any CPU.ActiveCfg = Debug|Any CPU
		{B87E8F16-20EE-4260-9D94-E569F1639704}.Debug|Any CPU.Build.0 = Debug|Any CPU
		{B87E8F16-20EE-4260-9D94-E569F1639704}.Debug|x64.ActiveCfg = Debug|Any CPU
		{B87E8F16-20EE-4260-9D94-E569F1639704}.Debug|x64.Build.0 = Debug|Any CPU
		{B87E8F16-20EE-4260-9D94-E569F1639704}.Debug|x86.ActiveCfg = Debug|Any CPU
		{B87E8F16-20EE-4260-9D94-E569F1639704}.Debug|x86.Build.0 = Debug|Any CPU
		{B87E8F16-20EE-4260-9D94-E569F1639704}.Release|Any CPU.ActiveCfg = Release|Any CPU
		{B87E8F16-20EE-4260-9D94-E569F1639704}.Release|Any CPU.Build.0 = Release|Any CPU
		{B87E8F16-20EE-4260-9D94-E569F1639704}.Release|x64.ActiveCfg = Release|Any CPU
		{B87E8F16-20EE-4260-9D94-E569F1639704}.Release|x64.Build.0 = Release|Any CPU
		{B87E8F16-20EE-4260-9D94-E569F1639704}.Release|x86.ActiveCfg = Release|Any CPU
		{B87E8F16-20EE-4260-9D94-E569F1639704}.Release|x86.Build.0 = Release|Any CPU
		{51B94691-D8FC-429B-8D7A-07F5DAA4A55F}.Debug|Any CPU.ActiveCfg = Debug|Any CPU
		{51B94691-D8FC-429B-8D7A-07F5DAA4A55F}.Debug|Any CPU.Build.0 = Debug|Any CPU
		{51B94691-D8FC-429B-8D7A-07F5DAA4A55F}.Debug|x64.ActiveCfg = Debug|Any CPU
		{51B94691-D8FC-429B-8D7A-07F5DAA4A55F}.Debug|x64.Build.0 = Debug|Any CPU
		{51B94691-D8FC-429B-8D7A-07F5DAA4A55F}.Debug|x86.ActiveCfg = Debug|Any CPU
		{51B94691-D8FC-429B-8D7A-07F5DAA4A55F}.Debug|x86.Build.0 = Debug|Any CPU
		{51B94691-D8FC-429B-8D7A-07F5DAA4A55F}.Release|Any CPU.ActiveCfg = Release|Any CPU
		{51B94691-D8FC-429B-8D7A-07F5DAA4A55F}.Release|Any CPU.Build.0 = Release|Any CPU
		{51B94691-D8FC-429B-8D7A-07F5DAA4A55F}.Release|x64.ActiveCfg = Release|Any CPU
		{51B94691-D8FC-429B-8D7A-07F5DAA4A55F}.Release|x64.Build.0 = Release|Any CPU
		{51B94691-D8FC-429B-8D7A-07F5DAA4A55F}.Release|x86.ActiveCfg = Release|Any CPU
		{51B94691-D8FC-429B-8D7A-07F5DAA4A55F}.Release|x86.Build.0 = Release|Any CPU
		{403BB5F9-83CF-4993-922E-C4D9C22D241F}.Debug|Any CPU.ActiveCfg = Debug|Any CPU
		{403BB5F9-83CF-4993-922E-C4D9C22D241F}.Debug|Any CPU.Build.0 = Debug|Any CPU
		{403BB5F9-83CF-4993-922E-C4D9C22D241F}.Debug|x64.ActiveCfg = Debug|Any CPU
		{403BB5F9-83CF-4993-922E-C4D9C22D241F}.Debug|x64.Build.0 = Debug|Any CPU
		{403BB5F9-83CF-4993-922E-C4D9C22D241F}.Debug|x86.ActiveCfg = Debug|Any CPU
		{403BB5F9-83CF-4993-922E-C4D9C22D241F}.Debug|x86.Build.0 = Debug|Any CPU
		{403BB5F9-83CF-4993-922E-C4D9C22D241F}.Release|Any CPU.ActiveCfg = Release|Any CPU
		{403BB5F9-83CF-4993-922E-C4D9C22D241F}.Release|Any CPU.Build.0 = Release|Any CPU
		{403BB5F9-83CF-4993-922E-C4D9C22D241F}.Release|x64.ActiveCfg = Release|Any CPU
		{403BB5F9-83CF-4993-922E-C4D9C22D241F}.Release|x64.Build.0 = Release|Any CPU
		{403BB5F9-83CF-4993-922E-C4D9C22D241F}.Release|x86.ActiveCfg = Release|Any CPU
		{403BB5F9-83CF-4993-922E-C4D9C22D241F}.Release|x86.Build.0 = Release|Any CPU
	EndGlobalSection
	GlobalSection(SolutionProperties) = preSolution
		HideSolutionNode = FALSE
	EndGlobalSection
	GlobalSection(NestedProjects) = preSolution
		{83B9EA5F-CF6C-4064-99BD-6C2D8775B81D} = {827E0CD3-B72D-47B6-A68D-7590B98EB39B}
		{48ABADCC-1F07-48A4-82A1-99013C6B6712} = {827E0CD3-B72D-47B6-A68D-7590B98EB39B}
		{0FAAC522-8852-40C6-83BF-8419C70BD526} = {827E0CD3-B72D-47B6-A68D-7590B98EB39B}
		{A301CA6D-F87F-4009-85CA-75AF4DB85008} = {827E0CD3-B72D-47B6-A68D-7590B98EB39B}
		{4324C7AE-D316-4484-96F8-DEE202BB4B6F} = {827E0CD3-B72D-47B6-A68D-7590B98EB39B}
		{071FB925-EDF6-4467-A8FA-F0A99C4D8972} = {827E0CD3-B72D-47B6-A68D-7590B98EB39B}
		{A1D48A2E-98A6-4603-A0CB-B91FB2A65369} = {827E0CD3-B72D-47B6-A68D-7590B98EB39B}
		{04AB7DAC-F031-47B0-8DF3-B274014B46A5} = {0AB3BF05-4346-4AA6-1389-037BE0695223}
		{88F070EC-5814-439B-A78A-1051291596F0} = {0AB3BF05-4346-4AA6-1389-037BE0695223}
		{B87E8F16-20EE-4260-9D94-E569F1639704} = {0AB3BF05-4346-4AA6-1389-037BE0695223}
		{51B94691-D8FC-429B-8D7A-07F5DAA4A55F} = {0AB3BF05-4346-4AA6-1389-037BE0695223}
		{403BB5F9-83CF-4993-922E-C4D9C22D241F} = {5D20AA90-6969-D8BD-9DCD-8634F4692FDA}
	EndGlobalSection
EndGlobal
